// !$*UTF8*$!
{
	archiveVersion = 1;
	classes = {
	};
	objectVersion = 46;
	objects = {

/* Begin PBXBuildFile section */
		42127F471A165263004FA692 /* main.m in Sources */ = {isa = PBXBuildFile; fileRef = 42127F461A165263004FA692 /* main.m */; };
		42127F4A1A165263004FA692 /* AppDelegate.m in Sources */ = {isa = PBXBuildFile; fileRef = 42127F491A165263004FA692 /* AppDelegate.m */; };
		42127F4D1A165263004FA692 /* ScanViewController.m in Sources */ = {isa = PBXBuildFile; fileRef = 42127F4C1A165263004FA692 /* ScanViewController.m */; settings = {COMPILER_FLAGS = "-x objective-c++"; }; };
		42127F501A165263004FA692 /* Main.storyboard in Resources */ = {isa = PBXBuildFile; fileRef = 42127F4E1A165263004FA692 /* Main.storyboard */; };
		42127F521A165263004FA692 /* Images.xcassets in Resources */ = {isa = PBXBuildFile; fileRef = 42127F511A165263004FA692 /* Images.xcassets */; };
		42127F551A165263004FA692 /* LaunchScreen.xib in Resources */ = {isa = PBXBuildFile; fileRef = 42127F531A165263004FA692 /* LaunchScreen.xib */; };
		42127F611A165263004FA692 /* KentekenScanTests.m in Sources */ = {isa = PBXBuildFile; fileRef = 42127F601A165263004FA692 /* KentekenScanTests.m */; };
		421891A31A1B9469007EB692 /* opencv2.framework in Frameworks */ = {isa = PBXBuildFile; fileRef = 421891A21A1B9469007EB692 /* opencv2.framework */; };
		422BE0581A29EFE600DDDD6C /* libstdc++.6.0.9.dylib in Frameworks */ = {isa = PBXBuildFile; fileRef = 422BE0571A29EFE600DDDD6C /* libstdc++.6.0.9.dylib */; };
		422BE0D41A29F5FB00DDDD6C /* tessdata in Resources */ = {isa = PBXBuildFile; fileRef = 422BE0D31A29F5FB00DDDD6C /* tessdata */; };
		422BE0D61A29F69000DDDD6C /* TesseractOCR.framework in Frameworks */ = {isa = PBXBuildFile; fileRef = 422BE0D51A29F69000DDDD6C /* TesseractOCR.framework */; };
		423204A51A308EB60062523F /* ResultsTableViewController.m in Sources */ = {isa = PBXBuildFile; fileRef = 423204A41A308EB60062523F /* ResultsTableViewController.m */; };
		423204A71A31CBCA0062523F /* image_sample.jpg in Resources */ = {isa = PBXBuildFile; fileRef = 423204A61A31CBCA0062523F /* image_sample.jpg */; };
		4252375E1A34B141003DD523 /* ScanViewOverlay.m in Sources */ = {isa = PBXBuildFile; fileRef = 4252375D1A34B141003DD523 /* ScanViewOverlay.m */; };
		425237601A34C055003DD523 /* fontawesome-webfont.ttf in Resources */ = {isa = PBXBuildFile; fileRef = 4252375F1A34BD00003DD523 /* fontawesome-webfont.ttf */; };
		425237621A34D454003DD523 /* CoreData.framework in Frameworks */ = {isa = PBXBuildFile; fileRef = 425237611A34D453003DD523 /* CoreData.framework */; };
		427A9A6C1A29E2CA00C4FB70 /* ImageProcessingImplementation.mm in Sources */ = {isa = PBXBuildFile; fileRef = 427A9A641A29E2CA00C4FB70 /* ImageProcessingImplementation.mm */; };
		427A9A6E1A29E2CA00C4FB70 /* OpenCV.mm in Sources */ = {isa = PBXBuildFile; fileRef = 427A9A691A29E2CA00C4FB70 /* OpenCV.mm */; };
/* End PBXBuildFile section */

/* Begin PBXContainerItemProxy section */
		42127F5B1A165263004FA692 /* PBXContainerItemProxy */ = {
			isa = PBXContainerItemProxy;
			containerPortal = 42127F391A165262004FA692 /* Project object */;
			proxyType = 1;
			remoteGlobalIDString = 42127F401A165262004FA692;
			remoteInfo = KentekenScan;
		};
/* End PBXContainerItemProxy section */

/* Begin PBXFileReference section */
		42127F411A165262004FA692 /* KentekenScan.app */ = {isa = PBXFileReference; explicitFileType = wrapper.application; includeInIndex = 0; path = KentekenScan.app; sourceTree = BUILT_PRODUCTS_DIR; };
		42127F451A165263004FA692 /* Info.plist */ = {isa = PBXFileReference; lastKnownFileType = text.plist.xml; path = Info.plist; sourceTree = "<group>"; };
		42127F461A165263004FA692 /* main.m */ = {isa = PBXFileReference; lastKnownFileType = sourcecode.c.objc; path = main.m; sourceTree = "<group>"; };
		42127F481A165263004FA692 /* AppDelegate.h */ = {isa = PBXFileReference; lastKnownFileType = sourcecode.c.h; path = AppDelegate.h; sourceTree = "<group>"; };
		42127F491A165263004FA692 /* AppDelegate.m */ = {isa = PBXFileReference; lastKnownFileType = sourcecode.c.objc; path = AppDelegate.m; sourceTree = "<group>"; };
		42127F4B1A165263004FA692 /* ScanViewController.h */ = {isa = PBXFileReference; lastKnownFileType = sourcecode.c.h; path = ScanViewController.h; sourceTree = "<group>"; };
		42127F4C1A165263004FA692 /* ScanViewController.m */ = {isa = PBXFileReference; lastKnownFileType = sourcecode.c.objc; path = ScanViewController.m; sourceTree = "<group>"; };
		42127F4F1A165263004FA692 /* Base */ = {isa = PBXFileReference; lastKnownFileType = file.storyboard; name = Base; path = Base.lproj/Main.storyboard; sourceTree = "<group>"; };
		42127F511A165263004FA692 /* Images.xcassets */ = {isa = PBXFileReference; lastKnownFileType = folder.assetcatalog; path = Images.xcassets; sourceTree = "<group>"; };
		42127F541A165263004FA692 /* Base */ = {isa = PBXFileReference; lastKnownFileType = file.xib; name = Base; path = Base.lproj/LaunchScreen.xib; sourceTree = "<group>"; };
		42127F5A1A165263004FA692 /* KentekenScanTests.xctest */ = {isa = PBXFileReference; explicitFileType = wrapper.cfbundle; includeInIndex = 0; path = KentekenScanTests.xctest; sourceTree = BUILT_PRODUCTS_DIR; };
		42127F5F1A165263004FA692 /* Info.plist */ = {isa = PBXFileReference; lastKnownFileType = text.plist.xml; path = Info.plist; sourceTree = "<group>"; };
		42127F601A165263004FA692 /* KentekenScanTests.m */ = {isa = PBXFileReference; lastKnownFileType = sourcecode.c.objc; path = KentekenScanTests.m; sourceTree = "<group>"; };
		421891A21A1B9469007EB692 /* opencv2.framework */ = {isa = PBXFileReference; lastKnownFileType = wrapper.framework; path = opencv2.framework; sourceTree = "<group>"; };
		421891A41A1B94D6007EB692 /* PrefixHeader.pch */ = {isa = PBXFileReference; fileEncoding = 4; lastKnownFileType = sourcecode.c.h; path = PrefixHeader.pch; sourceTree = "<group>"; };
		422BE0571A29EFE600DDDD6C /* libstdc++.6.0.9.dylib */ = {isa = PBXFileReference; lastKnownFileType = "compiled.mach-o.dylib"; name = "libstdc++.6.0.9.dylib"; path = "usr/lib/libstdc++.6.0.9.dylib"; sourceTree = SDKROOT; };
		422BE0D31A29F5FB00DDDD6C /* tessdata */ = {isa = PBXFileReference; lastKnownFileType = folder; path = tessdata; sourceTree = "<group>"; };
		422BE0D51A29F69000DDDD6C /* TesseractOCR.framework */ = {isa = PBXFileReference; lastKnownFileType = wrapper.framework; path = TesseractOCR.framework; sourceTree = "<group>"; };
		423204A31A308EB60062523F /* ResultsTableViewController.h */ = {isa = PBXFileReference; fileEncoding = 4; lastKnownFileType = sourcecode.c.h; path = ResultsTableViewController.h; sourceTree = "<group>"; };
		423204A41A308EB60062523F /* ResultsTableViewController.m */ = {isa = PBXFileReference; fileEncoding = 4; lastKnownFileType = sourcecode.c.objc; path = ResultsTableViewController.m; sourceTree = "<group>"; };
		423204A61A31CBCA0062523F /* image_sample.jpg */ = {isa = PBXFileReference; lastKnownFileType = image.jpeg; path = image_sample.jpg; sourceTree = "<group>"; };
		4252375C1A34B141003DD523 /* ScanViewOverlay.h */ = {isa = PBXFileReference; fileEncoding = 4; lastKnownFileType = sourcecode.c.h; path = ScanViewOverlay.h; sourceTree = "<group>"; };
		4252375D1A34B141003DD523 /* ScanViewOverlay.m */ = {isa = PBXFileReference; fileEncoding = 4; lastKnownFileType = sourcecode.c.objc; path = ScanViewOverlay.m; sourceTree = "<group>"; };
		4252375F1A34BD00003DD523 /* fontawesome-webfont.ttf */ = {isa = PBXFileReference; lastKnownFileType = file; path = "fontawesome-webfont.ttf"; sourceTree = "<group>"; };
		425237611A34D453003DD523 /* CoreData.framework */ = {isa = PBXFileReference; lastKnownFileType = wrapper.framework; name = CoreData.framework; path = System/Library/Frameworks/CoreData.framework; sourceTree = SDKROOT; };
		427A9A631A29E2CA00C4FB70 /* ImageProcessingImplementation.h */ = {isa = PBXFileReference; fileEncoding = 4; lastKnownFileType = sourcecode.c.h; path = ImageProcessingImplementation.h; sourceTree = "<group>"; };
		427A9A641A29E2CA00C4FB70 /* ImageProcessingImplementation.mm */ = {isa = PBXFileReference; fileEncoding = 4; lastKnownFileType = sourcecode.cpp.objcpp; path = ImageProcessingImplementation.mm; sourceTree = "<group>"; };
		427A9A651A29E2CA00C4FB70 /* ImageProcessingProtocol.h */ = {isa = PBXFileReference; fileEncoding = 4; lastKnownFileType = sourcecode.c.h; path = ImageProcessingProtocol.h; sourceTree = "<group>"; };
		427A9A681A29E2CA00C4FB70 /* OpenCV.h */ = {isa = PBXFileReference; fileEncoding = 4; lastKnownFileType = sourcecode.c.h; path = OpenCV.h; sourceTree = "<group>"; };
		427A9A691A29E2CA00C4FB70 /* OpenCV.mm */ = {isa = PBXFileReference; fileEncoding = 4; lastKnownFileType = sourcecode.cpp.objcpp; path = OpenCV.mm; sourceTree = "<group>"; };
		42E2F8D71A23B01D00FE5738 /* main.cpp */ = {isa = PBXFileReference; lastKnownFileType = sourcecode.cpp.cpp; path = main.cpp; sourceTree = "<group>"; };
/* End PBXFileReference section */

/* Begin PBXFrameworksBuildPhase section */
		42127F3E1A165262004FA692 /* Frameworks */ = {
			isa = PBXFrameworksBuildPhase;
			buildActionMask = 2147483647;
			files = (
				425237621A34D454003DD523 /* CoreData.framework in Frameworks */,
				422BE0581A29EFE600DDDD6C /* libstdc++.6.0.9.dylib in Frameworks */,
				422BE0D61A29F69000DDDD6C /* TesseractOCR.framework in Frameworks */,
				421891A31A1B9469007EB692 /* opencv2.framework in Frameworks */,
			);
			runOnlyForDeploymentPostprocessing = 0;
		};
		42127F571A165263004FA692 /* Frameworks */ = {
			isa = PBXFrameworksBuildPhase;
			buildActionMask = 2147483647;
			files = (
			);
			runOnlyForDeploymentPostprocessing = 0;
		};
/* End PBXFrameworksBuildPhase section */

/* Begin PBXGroup section */
		42127F381A165262004FA692 = {
			isa = PBXGroup;
			children = (
				42127F431A165262004FA692 /* KentekenScan */,
				42127F5D1A165263004FA692 /* KentekenScanTests */,
				42E2F8D61A23B01D00FE5738 /* debug */,
				42127F421A165262004FA692 /* Products */,
			);
			sourceTree = "<group>";
		};
		42127F421A165262004FA692 /* Products */ = {
			isa = PBXGroup;
			children = (
				42127F411A165262004FA692 /* KentekenScan.app */,
				42127F5A1A165263004FA692 /* KentekenScanTests.xctest */,
			);
			name = Products;
			sourceTree = "<group>";
		};
		42127F431A165262004FA692 /* KentekenScan */ = {
			isa = PBXGroup;
			children = (
				42127F481A165263004FA692 /* AppDelegate.h */,
				42127F491A165263004FA692 /* AppDelegate.m */,
				42127F4B1A165263004FA692 /* ScanViewController.h */,
				42127F4C1A165263004FA692 /* ScanViewController.m */,
				4252375C1A34B141003DD523 /* ScanViewOverlay.h */,
				4252375D1A34B141003DD523 /* ScanViewOverlay.m */,
				423204A31A308EB60062523F /* ResultsTableViewController.h */,
				423204A41A308EB60062523F /* ResultsTableViewController.m */,
				427A9A631A29E2CA00C4FB70 /* ImageProcessingImplementation.h */,
				427A9A641A29E2CA00C4FB70 /* ImageProcessingImplementation.mm */,
				427A9A651A29E2CA00C4FB70 /* ImageProcessingProtocol.h */,
				427A9A681A29E2CA00C4FB70 /* OpenCV.h */,
				427A9A691A29E2CA00C4FB70 /* OpenCV.mm */,
				42127F511A165263004FA692 /* Images.xcassets */,
				42127F4E1A165263004FA692 /* Main.storyboard */,
				42127F531A165263004FA692 /* LaunchScreen.xib */,
				422BE0D31A29F5FB00DDDD6C /* tessdata */,
				42127F441A165262004FA692 /* Supporting Files */,
			);
			path = KentekenScan;
			sourceTree = "<group>";
		};
		42127F441A165262004FA692 /* Supporting Files */ = {
			isa = PBXGroup;
			children = (
				425237611A34D453003DD523 /* CoreData.framework */,
				421891A21A1B9469007EB692 /* opencv2.framework */,
				422BE0D51A29F69000DDDD6C /* TesseractOCR.framework */,
				422BE0571A29EFE600DDDD6C /* libstdc++.6.0.9.dylib */,
				4252375F1A34BD00003DD523 /* fontawesome-webfont.ttf */,
				423204A61A31CBCA0062523F /* image_sample.jpg */,
				42127F451A165263004FA692 /* Info.plist */,
				42127F461A165263004FA692 /* main.m */,
				421891A41A1B94D6007EB692 /* PrefixHeader.pch */,
			);
			name = "Supporting Files";
			sourceTree = "<group>";
		};
		42127F5D1A165263004FA692 /* KentekenScanTests */ = {
			isa = PBXGroup;
			children = (
				42127F601A165263004FA692 /* KentekenScanTests.m */,
				42127F5E1A165263004FA692 /* Supporting Files */,
			);
			path = KentekenScanTests;
			sourceTree = "<group>";
		};
		42127F5E1A165263004FA692 /* Supporting Files */ = {
			isa = PBXGroup;
			children = (
				42127F5F1A165263004FA692 /* Info.plist */,
			);
			name = "Supporting Files";
			sourceTree = "<group>";
		};
		42E2F8D61A23B01D00FE5738 /* debug */ = {
			isa = PBXGroup;
			children = (
				42E2F8D71A23B01D00FE5738 /* main.cpp */,
			);
			path = debug;
			sourceTree = "<group>";
		};
/* End PBXGroup section */

/* Begin PBXNativeTarget section */
		42127F401A165262004FA692 /* KentekenScan */ = {
			isa = PBXNativeTarget;
			buildConfigurationList = 42127F641A165263004FA692 /* Build configuration list for PBXNativeTarget "KentekenScan" */;
			buildPhases = (
				42127F3D1A165262004FA692 /* Sources */,
				42127F3E1A165262004FA692 /* Frameworks */,
				42127F3F1A165262004FA692 /* Resources */,
			);
			buildRules = (
			);
			dependencies = (
			);
			name = KentekenScan;
			productName = KentekenScan;
			productReference = 42127F411A165262004FA692 /* KentekenScan.app */;
			productType = "com.apple.product-type.application";
		};
		42127F591A165263004FA692 /* KentekenScanTests */ = {
			isa = PBXNativeTarget;
			buildConfigurationList = 42127F671A165263004FA692 /* Build configuration list for PBXNativeTarget "KentekenScanTests" */;
			buildPhases = (
				42127F561A165263004FA692 /* Sources */,
				42127F571A165263004FA692 /* Frameworks */,
				42127F581A165263004FA692 /* Resources */,
			);
			buildRules = (
			);
			dependencies = (
				42127F5C1A165263004FA692 /* PBXTargetDependency */,
			);
			name = KentekenScanTests;
			productName = KentekenScanTests;
			productReference = 42127F5A1A165263004FA692 /* KentekenScanTests.xctest */;
			productType = "com.apple.product-type.bundle.unit-test";
		};
/* End PBXNativeTarget section */

/* Begin PBXProject section */
		42127F391A165262004FA692 /* Project object */ = {
			isa = PBXProject;
			attributes = {
				LastUpgradeCheck = 0610;
				ORGANIZATIONNAME = Lepps;
				TargetAttributes = {
					42127F401A165262004FA692 = {
						CreatedOnToolsVersion = 6.1;
						DevelopmentTeam = 7YK4EYMCVJ;
					};
					42127F591A165263004FA692 = {
						CreatedOnToolsVersion = 6.1;
						TestTargetID = 42127F401A165262004FA692;
					};
				};
			};
			buildConfigurationList = 42127F3C1A165262004FA692 /* Build configuration list for PBXProject "KentekenScan" */;
			compatibilityVersion = "Xcode 3.2";
			developmentRegion = English;
			hasScannedForEncodings = 0;
			knownRegions = (
				en,
				Base,
			);
			mainGroup = 42127F381A165262004FA692;
			productRefGroup = 42127F421A165262004FA692 /* Products */;
			projectDirPath = "";
			projectRoot = "";
			targets = (
				42127F401A165262004FA692 /* KentekenScan */,
				42127F591A165263004FA692 /* KentekenScanTests */,
			);
		};
/* End PBXProject section */

/* Begin PBXResourcesBuildPhase section */
		42127F3F1A165262004FA692 /* Resources */ = {
			isa = PBXResourcesBuildPhase;
			buildActionMask = 2147483647;
			files = (
				42127F501A165263004FA692 /* Main.storyboard in Resources */,
				423204A71A31CBCA0062523F /* image_sample.jpg in Resources */,
				42127F551A165263004FA692 /* LaunchScreen.xib in Resources */,
				425237601A34C055003DD523 /* fontawesome-webfont.ttf in Resources */,
				422BE0D41A29F5FB00DDDD6C /* tessdata in Resources */,
				42127F521A165263004FA692 /* Images.xcassets in Resources */,
			);
			runOnlyForDeploymentPostprocessing = 0;
		};
		42127F581A165263004FA692 /* Resources */ = {
			isa = PBXResourcesBuildPhase;
			buildActionMask = 2147483647;
			files = (
			);
			runOnlyForDeploymentPostprocessing = 0;
		};
/* End PBXResourcesBuildPhase section */

/* Begin PBXSourcesBuildPhase section */
		42127F3D1A165262004FA692 /* Sources */ = {
			isa = PBXSourcesBuildPhase;
			buildActionMask = 2147483647;
			files = (
				427A9A6C1A29E2CA00C4FB70 /* ImageProcessingImplementation.mm in Sources */,
				423204A51A308EB60062523F /* ResultsTableViewController.m in Sources */,
				42127F4D1A165263004FA692 /* ScanViewController.m in Sources */,
				4252375E1A34B141003DD523 /* ScanViewOverlay.m in Sources */,
				42127F4A1A165263004FA692 /* AppDelegate.m in Sources */,
				427A9A6E1A29E2CA00C4FB70 /* OpenCV.mm in Sources */,
				42127F471A165263004FA692 /* main.m in Sources */,
			);
			runOnlyForDeploymentPostprocessing = 0;
		};
		42127F561A165263004FA692 /* Sources */ = {
			isa = PBXSourcesBuildPhase;
			buildActionMask = 2147483647;
			files = (
				42127F611A165263004FA692 /* KentekenScanTests.m in Sources */,
			);
			runOnlyForDeploymentPostprocessing = 0;
		};
/* End PBXSourcesBuildPhase section */

/* Begin PBXTargetDependency section */
		42127F5C1A165263004FA692 /* PBXTargetDependency */ = {
			isa = PBXTargetDependency;
			target = 42127F401A165262004FA692 /* KentekenScan */;
			targetProxy = 42127F5B1A165263004FA692 /* PBXContainerItemProxy */;
		};
/* End PBXTargetDependency section */

/* Begin PBXVariantGroup section */
		42127F4E1A165263004FA692 /* Main.storyboard */ = {
			isa = PBXVariantGroup;
			children = (
				42127F4F1A165263004FA692 /* Base */,
			);
			name = Main.storyboard;
			sourceTree = "<group>";
		};
		42127F531A165263004FA692 /* LaunchScreen.xib */ = {
			isa = PBXVariantGroup;
			children = (
				42127F541A165263004FA692 /* Base */,
			);
			name = LaunchScreen.xib;
			sourceTree = "<group>";
		};
/* End PBXVariantGroup section */

/* Begin XCBuildConfiguration section */
		42127F621A165263004FA692 /* Debug */ = {
			isa = XCBuildConfiguration;
			buildSettings = {
				ALWAYS_SEARCH_USER_PATHS = NO;
				CLANG_CXX_LANGUAGE_STANDARD = "gnu++0x";
				CLANG_CXX_LIBRARY = "libc++";
				CLANG_ENABLE_MODULES = YES;
				CLANG_ENABLE_OBJC_ARC = YES;
				CLANG_WARN_BOOL_CONVERSION = YES;
				CLANG_WARN_CONSTANT_CONVERSION = YES;
				CLANG_WARN_DIRECT_OBJC_ISA_USAGE = YES_ERROR;
				CLANG_WARN_EMPTY_BODY = YES;
				CLANG_WARN_ENUM_CONVERSION = YES;
				CLANG_WARN_INT_CONVERSION = YES;
				CLANG_WARN_OBJC_ROOT_CLASS = YES_ERROR;
				CLANG_WARN_UNREACHABLE_CODE = YES;
				CLANG_WARN__DUPLICATE_METHOD_MATCH = YES;
				"CODE_SIGN_IDENTITY[sdk=iphoneos*]" = "iPhone Developer";
				COPY_PHASE_STRIP = NO;
				ENABLE_STRICT_OBJC_MSGSEND = YES;
				GCC_C_LANGUAGE_STANDARD = gnu99;
				GCC_DYNAMIC_NO_PIC = NO;
				GCC_OPTIMIZATION_LEVEL = 0;
				GCC_PREPROCESSOR_DEFINITIONS = (
					"DEBUG=1",
					"$(inherited)",
				);
				GCC_SYMBOLS_PRIVATE_EXTERN = NO;
				GCC_WARN_64_TO_32_BIT_CONVERSION = YES;
				GCC_WARN_ABOUT_RETURN_TYPE = YES_ERROR;
				GCC_WARN_UNDECLARED_SELECTOR = YES;
				GCC_WARN_UNINITIALIZED_AUTOS = YES_AGGRESSIVE;
				GCC_WARN_UNUSED_FUNCTION = YES;
				GCC_WARN_UNUSED_VARIABLE = YES;
				IPHONEOS_DEPLOYMENT_TARGET = 8.1;
				MTL_ENABLE_DEBUG_INFO = YES;
				ONLY_ACTIVE_ARCH = YES;
				OTHER_LDFLAGS = "-lstdc++";
				SDKROOT = iphoneos;
			};
			name = Debug;
		};
		42127F631A165263004FA692 /* Release */ = {
			isa = XCBuildConfiguration;
			buildSettings = {
				ALWAYS_SEARCH_USER_PATHS = NO;
				CLANG_CXX_LANGUAGE_STANDARD = "gnu++0x";
				CLANG_CXX_LIBRARY = "libc++";
				CLANG_ENABLE_MODULES = YES;
				CLANG_ENABLE_OBJC_ARC = YES;
				CLANG_WARN_BOOL_CONVERSION = YES;
				CLANG_WARN_CONSTANT_CONVERSION = YES;
				CLANG_WARN_DIRECT_OBJC_ISA_USAGE = YES_ERROR;
				CLANG_WARN_EMPTY_BODY = YES;
				CLANG_WARN_ENUM_CONVERSION = YES;
				CLANG_WARN_INT_CONVERSION = YES;
				CLANG_WARN_OBJC_ROOT_CLASS = YES_ERROR;
				CLANG_WARN_UNREACHABLE_CODE = YES;
				CLANG_WARN__DUPLICATE_METHOD_MATCH = YES;
				"CODE_SIGN_IDENTITY[sdk=iphoneos*]" = "iPhone Developer";
				COPY_PHASE_STRIP = YES;
				ENABLE_NS_ASSERTIONS = NO;
				ENABLE_STRICT_OBJC_MSGSEND = YES;
				GCC_C_LANGUAGE_STANDARD = gnu99;
				GCC_WARN_64_TO_32_BIT_CONVERSION = YES;
				GCC_WARN_ABOUT_RETURN_TYPE = YES_ERROR;
				GCC_WARN_UNDECLARED_SELECTOR = YES;
				GCC_WARN_UNINITIALIZED_AUTOS = YES_AGGRESSIVE;
				GCC_WARN_UNUSED_FUNCTION = YES;
				GCC_WARN_UNUSED_VARIABLE = YES;
				IPHONEOS_DEPLOYMENT_TARGET = 8.1;
				MTL_ENABLE_DEBUG_INFO = NO;
				OTHER_LDFLAGS = "-lstdc++";
				SDKROOT = iphoneos;
				VALIDATE_PRODUCT = YES;
			};
			name = Release;
		};
		42127F651A165263004FA692 /* Debug */ = {
			isa = XCBuildConfiguration;
			buildSettings = {
				ALWAYS_SEARCH_USER_PATHS = NO;
				ASSETCATALOG_COMPILER_APPICON_NAME = AppIcon;
				CLANG_CXX_LIBRARY = "libc++";
				CODE_SIGN_IDENTITY = "iPhone Developer";
				FRAMEWORK_SEARCH_PATHS = (
					"$(inherited)",
					"$(PROJECT_DIR)/KentekenScan",
				);
				GCC_PREFIX_HEADER = KentekenScan/PrefixHeader.pch;
				INFOPLIST_FILE = KentekenScan/Info.plist;
				LD_RUNPATH_SEARCH_PATHS = "$(inherited) @executable_path/Frameworks";
				LIBRARY_SEARCH_PATHS = (
					"$(inherited)",
					"$(PROJECT_DIR)/KentekenScan/tesseract-ios/tesseract-ios-lib/lib",
				);
				PRODUCT_NAME = "$(TARGET_NAME)";
				SKIP_INSTALL = NO;
			};
			name = Debug;
		};
		42127F661A165263004FA692 /* Release */ = {
			isa = XCBuildConfiguration;
			buildSettings = {
				ALWAYS_SEARCH_USER_PATHS = NO;
				ASSETCATALOG_COMPILER_APPICON_NAME = AppIcon;
				CLANG_CXX_LIBRARY = "libc++";
				CODE_SIGN_IDENTITY = "iPhone Developer";
				FRAMEWORK_SEARCH_PATHS = (
					"$(inherited)",
					"$(PROJECT_DIR)/KentekenScan",
				);
				GCC_PREFIX_HEADER = KentekenScan/PrefixHeader.pch;
				INFOPLIST_FILE = KentekenScan/Info.plist;
				LD_RUNPATH_SEARCH_PATHS = "$(inherited) @executable_path/Frameworks";
				LIBRARY_SEARCH_PATHS = (
					"$(inherited)",
					"$(PROJECT_DIR)/KentekenScan/tesseract-ios/tesseract-ios-lib/lib",
				);
				PRODUCT_NAME = "$(TARGET_NAME)";
				SKIP_INSTALL = NO;
			};
			name = Release;
		};
		42127F681A165263004FA692 /* Debug */ = {
			isa = XCBuildConfiguration;
			buildSettings = {
				BUNDLE_LOADER = "$(TEST_HOST)";
				FRAMEWORK_SEARCH_PATHS = (
					"$(SDKROOT)/Developer/Library/Frameworks",
					"$(inherited)",
				);
				GCC_PREPROCESSOR_DEFINITIONS = (
					"DEBUG=1",
					"$(inherited)",
				);
				INFOPLIST_FILE = KentekenScanTests/Info.plist;
				LD_RUNPATH_SEARCH_PATHS = "$(inherited) @executable_path/Frameworks @loader_path/Frameworks";
				PRODUCT_NAME = "$(TARGET_NAME)";
				TEST_HOST = "$(BUILT_PRODUCTS_DIR)/KentekenScan.app/KentekenScan";
			};
			name = Debug;
		};
		42127F691A165263004FA692 /* Release */ = {
			isa = XCBuildConfiguration;
			buildSettings = {
				BUNDLE_LOADER = "$(TEST_HOST)";
				FRAMEWORK_SEARCH_PATHS = (
					"$(SDKROOT)/Developer/Library/Frameworks",
					"$(inherited)",
				);
				INFOPLIST_FILE = KentekenScanTests/Info.plist;
				LD_RUNPATH_SEARCH_PATHS = "$(inherited) @executable_path/Frameworks @loader_path/Frameworks";
				PRODUCT_NAME = "$(TARGET_NAME)";
				TEST_HOST = "$(BUILT_PRODUCTS_DIR)/KentekenScan.app/KentekenScan";
			};
			name = Release;
		};
/* End XCBuildConfiguration section */

/* Begin XCConfigurationList section */
		42127F3C1A165262004FA692 /* Build configuration list for PBXProject "KentekenScan" */ = {
			isa = XCConfigurationList;
			buildConfigurations = (
				42127F621A165263004FA692 /* Debug */,
				42127F631A165263004FA692 /* Release */,
			);
			defaultConfigurationIsVisible = 0;
			defaultConfigurationName = Release;
		};
		42127F641A165263004FA692 /* Build configuration list for PBXNativeTarget "KentekenScan" */ = {
			isa = XCConfigurationList;
			buildConfigurations = (
				42127F651A165263004FA692 /* Debug */,
				42127F661A165263004FA692 /* Release */,
			);
			defaultConfigurationIsVisible = 0;
			defaultConfigurationName = Release;
		};
		42127F671A165263004FA692 /* Build configuration list for PBXNativeTarget "KentekenScanTests" */ = {
			isa = XCConfigurationList;
			buildConfigurations = (
				42127F681A165263004FA692 /* Debug */,
				42127F691A165263004FA692 /* Release */,
			);
			defaultConfigurationIsVisible = 0;
			defaultConfigurationName = Release;
		};
/* End XCConfigurationList section */
	};
	rootObject = 42127F391A165262004FA692 /* Project object */;
}
